
Microsoft Visual Studio Solution File, Format Version 12.00
# Visual Studio Version 17
VisualStudioVersion = 17.1.32414.318
MinimumVisualStudioVersion = 10.0.40219.1
Project("{FAE04EC0-301F-11D3-BF4B-00C04F79EFBC}") = "ConsoleFileManager_OOP", "ConsoleFileManager_OOP\ConsoleFileManager_OOP.csproj", "{819EE107-6EA4-42AF-8B18-4E5AD5B089F1}"
EndProject
Global
	GlobalSection(SolutionConfigurationPlatforms) = preSolution
		Debug|Any CPU = Debug|Any CPU
		Release|Any CPU = Release|Any CPU
	EndGlobalSection
	GlobalSection(ProjectConfigurationPlatforms) = postSolution
		{819EE107-6EA4-42AF-8B18-4E5AD5B089F1}.Debug|Any CPU.ActiveCfg = Debug|Any CPU
		{819EE107-6EA4-42AF-8B18-4E5AD5B089F1}.Debug|Any CPU.Build.0 = Debug|Any CPU
		{819EE107-6EA4-42AF-8B18-4E5AD5B089F1}.Release|Any CPU.ActiveCfg = Release|Any CPU
		{819EE107-6EA4-42AF-8B18-4E5AD5B089F1}.Release|Any CPU.Build.0 = Release|Any CPU
	EndGlobalSection
	GlobalSection(SolutionProperties) = preSolution
		HideSolutionNode = FALSE
	EndGlobalSection
	GlobalSection(ExtensibilityGlobals) = postSolution
		SolutionGuid = {39BAD4C4-A496-42C0-837C-1F7C08AC7A44}
	EndGlobalSection
EndGlobal
